
Microsoft Visual Studio Solution File, Format Version 12.00
# Visual Studio Version 17
VisualStudioVersion = 17.3.32901.215
MinimumVisualStudioVersion = 10.0.40219.1
Project("{9A19103F-16F7-4668-BE54-9A1E7A4F7556}") = "Bulkybookweb", "Bulkybookweb\Bulkybookweb.csproj", "{CE0268D0-B4BA-490E-BF88-9487E6089B46}"
EndProject
Project("{FAE04EC0-301F-11D3-BF4B-00C04F79EFBC}") = "Bulkybook.DataAccess", "Bulkybook.DataAccess\Bulkybook.DataAccess.csproj", "{87E1ED3A-7CA2-45A6-8E84-4FA458FD386D}"
EndProject
Project("{FAE04EC0-301F-11D3-BF4B-00C04F79EFBC}") = "Bulkybook.Models", "Bulkybook.Models\Bulkybook.Models.csproj", "{6DD95F4B-1716-4011-B859-51EADBDA08E2}"
EndProject
Project("{FAE04EC0-301F-11D3-BF4B-00C04F79EFBC}") = "Bulkybook.Utility", "Bulkybook.Utility\Bulkybook.Utility.csproj", "{8B3B06F8-1870-40CD-BBE8-DB706D07F113}"
EndProject
Global
	GlobalSection(SolutionConfigurationPlatforms) = preSolution
		Debug|Any CPU = Debug|Any CPU
		Release|Any CPU = Release|Any CPU
	EndGlobalSection
	GlobalSection(ProjectConfigurationPlatforms) = postSolution
		{CE0268D0-B4BA-490E-BF88-9487E6089B46}.Debug|Any CPU.ActiveCfg = Debug|Any CPU
		{CE0268D0-B4BA-490E-BF88-9487E6089B46}.Debug|Any CPU.Build.0 = Debug|Any CPU
		{CE0268D0-B4BA-490E-BF88-9487E6089B46}.Release|Any CPU.ActiveCfg = Release|Any CPU
		{CE0268D0-B4BA-490E-BF88-9487E6089B46}.Release|Any CPU.Build.0 = Release|Any CPU
		{87E1ED3A-7CA2-45A6-8E84-4FA458FD386D}.Debug|Any CPU.ActiveCfg = Debug|Any CPU
		{87E1ED3A-7CA2-45A6-8E84-4FA458FD386D}.Debug|Any CPU.Build.0 = Debug|Any CPU
		{87E1ED3A-7CA2-45A6-8E84-4FA458FD386D}.Release|Any CPU.ActiveCfg = Release|Any CPU
		{87E1ED3A-7CA2-45A6-8E84-4FA458FD386D}.Release|Any CPU.Build.0 = Release|Any CPU
		{6DD95F4B-1716-4011-B859-51EADBDA08E2}.Debug|Any CPU.ActiveCfg = Debug|Any CPU
		{6DD95F4B-1716-4011-B859-51EADBDA08E2}.Debug|Any CPU.Build.0 = Debug|Any CPU
		{6DD95F4B-1716-4011-B859-51EADBDA08E2}.Release|Any CPU.ActiveCfg = Release|Any CPU
		{6DD95F4B-1716-4011-B859-51EADBDA08E2}.Release|Any CPU.Build.0 = Release|Any CPU
		{8B3B06F8-1870-40CD-BBE8-DB706D07F113}.Debug|Any CPU.ActiveCfg = Debug|Any CPU
		{8B3B06F8-1870-40CD-BBE8-DB706D07F113}.Debug|Any CPU.Build.0 = Debug|Any CPU
		{8B3B06F8-1870-40CD-BBE8-DB706D07F113}.Release|Any CPU.ActiveCfg = Release|Any CPU
		{8B3B06F8-1870-40CD-BBE8-DB706D07F113}.Release|Any CPU.Build.0 = Release|Any CPU
	EndGlobalSection
	GlobalSection(SolutionProperties) = preSolution
		HideSolutionNode = FALSE
	EndGlobalSection
	GlobalSection(ExtensibilityGlobals) = postSolution
		SolutionGuid = {D0B21075-030A-404F-9F91-DD640476D777}
	EndGlobalSection
EndGlobal
